
Microsoft Visual Studio Solution File, Format Version 12.00
# Visual Studio 15
VisualStudioVersion = 15.0.26730.16
MinimumVisualStudioVersion = 10.0.40219.1
Project("{9A19103F-16F7-4668-BE54-9A1E7A4F7556}") = "PackageA", "PackageA\PackageA.csproj", "{EC85881B-4545-4317-9C9A-340616D811DB}"
EndProject
Project("{9A19103F-16F7-4668-BE54-9A1E7A4F7556}") = "PackageB", "PackageB\PackageB.csproj", "{7B11CFC1-1C07-493E-9AF9-96B5440A7811}"
EndProject
Project("{9A19103F-16F7-4668-BE54-9A1E7A4F7556}") = "PackageC", "PackageC\PackageC.csproj", "{E20A0C3C-4881-48A1-BFA6-E60D0EC2FE8A}"
EndProject
Project("{9A19103F-16F7-4668-BE54-9A1E7A4F7556}") = "ConsoleApp2", "ConsoleApp2\ConsoleApp2.csproj", "{1409C200-5D75-45A7-B896-A4FDA8B0DBCB}"
EndProject
Global
	GlobalSection(SolutionConfigurationPlatforms) = preSolution
		Debug|Any CPU = Debug|Any CPU
		Release|Any CPU = Release|Any CPU
	EndGlobalSection
	GlobalSection(ProjectConfigurationPlatforms) = postSolution
		{EC85881B-4545-4317-9C9A-340616D811DB}.Debug|Any CPU.ActiveCfg = Debug|Any CPU
		{EC85881B-4545-4317-9C9A-340616D811DB}.Debug|Any CPU.Build.0 = Debug|Any CPU
		{EC85881B-4545-4317-9C9A-340616D811DB}.Release|Any CPU.ActiveCfg = Release|Any CPU
		{EC85881B-4545-4317-9C9A-340616D811DB}.Release|Any CPU.Build.0 = Release|Any CPU
		{7B11CFC1-1C07-493E-9AF9-96B5440A7811}.Debug|Any CPU.ActiveCfg = Debug|Any CPU
		{7B11CFC1-1C07-493E-9AF9-96B5440A7811}.Debug|Any CPU.Build.0 = Debug|Any CPU
		{7B11CFC1-1C07-493E-9AF9-96B5440A7811}.Release|Any CPU.ActiveCfg = Release|Any CPU
		{7B11CFC1-1C07-493E-9AF9-96B5440A7811}.Release|Any CPU.Build.0 = Release|Any CPU
		{E20A0C3C-4881-48A1-BFA6-E60D0EC2FE8A}.Debug|Any CPU.ActiveCfg = Debug|Any CPU
		{E20A0C3C-4881-48A1-BFA6-E60D0EC2FE8A}.Debug|Any CPU.Build.0 = Debug|Any CPU
		{E20A0C3C-4881-48A1-BFA6-E60D0EC2FE8A}.Release|Any CPU.ActiveCfg = Release|Any CPU
		{E20A0C3C-4881-48A1-BFA6-E60D0EC2FE8A}.Release|Any CPU.Build.0 = Release|Any CPU
		{1409C200-5D75-45A7-B896-A4FDA8B0DBCB}.Debug|Any CPU.ActiveCfg = Debug|Any CPU
		{1409C200-5D75-45A7-B896-A4FDA8B0DBCB}.Debug|Any CPU.Build.0 = Debug|Any CPU
		{1409C200-5D75-45A7-B896-A4FDA8B0DBCB}.Release|Any CPU.ActiveCfg = Release|Any CPU
		{1409C200-5D75-45A7-B896-A4FDA8B0DBCB}.Release|Any CPU.Build.0 = Release|Any CPU
	EndGlobalSection
	GlobalSection(SolutionProperties) = preSolution
		HideSolutionNode = FALSE
	EndGlobalSection
	GlobalSection(ExtensibilityGlobals) = postSolution
		SolutionGuid = {7C561DDE-2A76-4B1E-95B7-57C2FAB35491}
	EndGlobalSection
EndGlobal
